# THIS IS AN AUTOGENERATED FILE. DO NOT EDIT THIS FILE DIRECTLY.
# yarn lockfile v1


"@ebabel-eu/custom-timestamp@^1.0.3":
  version "1.0.3"
  resolved "https://registry.yarnpkg.com/@ebabel-eu/custom-timestamp/-/custom-timestamp-1.0.3.tgz#d9bf72189dffe885c4f52bf5f41aa98a56e89234"
  integrity sha512-CBHnE3ccc+AQxonVSabNuVnunggKeJ7VmWN7dJo0R2jtavReXQDjIgGfoSCxnjiTkjqOPOwhwY+Lnu5pQeekuA==
